
Microsoft Visual Studio Solution File, Format Version 12.00
# Visual Studio 2012
Project("{8BC9CEB8-8B4A-11D0-8D11-00A0C91BC942}") = "Remove junk files", "Remove junk files\Remove junk files.vcxproj", "{11AE5FB8-DE3F-49F7-8F45-28B4D7BFB1B0}"
EndProject
Global
	GlobalSection(SolutionConfigurationPlatforms) = preSolution
		Debug|Win32 = Debug|Win32
		Release|Win32 = Release|Win32
	EndGlobalSection
	GlobalSection(ProjectConfigurationPlatforms) = postSolution
		{11AE5FB8-DE3F-49F7-8F45-28B4D7BFB1B0}.Debug|Win32.ActiveCfg = Debug|Win32
		{11AE5FB8-DE3F-49F7-8F45-28B4D7BFB1B0}.Debug|Win32.Build.0 = Debug|Win32
		{11AE5FB8-DE3F-49F7-8F45-28B4D7BFB1B0}.Release|Win32.ActiveCfg = Release|Win32
		{11AE5FB8-DE3F-49F7-8F45-28B4D7BFB1B0}.Release|Win32.Build.0 = Release|Win32
	EndGlobalSection
	GlobalSection(SolutionProperties) = preSolution
		HideSolutionNode = FALSE
	EndGlobalSection
EndGlobal
